// !$*UTF8*$!
{
	archiveVersion = 1;
	classes = {
	};
	objectVersion = 46;
	objects = {

/* Begin PBXBuildFile section */
		ACCEEFFB1BDDCB580051A1A5 /* main.m in Sources */ = {isa = PBXBuildFile; fileRef = ACCEEFFA1BDDCB580051A1A5 /* main.m */; };
		ACCEEFFE1BDDCB580051A1A5 /* AppDelegate.m in Sources */ = {isa = PBXBuildFile; fileRef = ACCEEFFD1BDDCB580051A1A5 /* AppDelegate.m */; };
		ACCEF0011BDDCB580051A1A5 /* ViewController.m in Sources */ = {isa = PBXBuildFile; fileRef = ACCEF0001BDDCB580051A1A5 /* ViewController.m */; };
		ACCEF0041BDDCB580051A1A5 /* Main.storyboard in Resources */ = {isa = PBXBuildFile; fileRef = ACCEF0021BDDCB580051A1A5 /* Main.storyboard */; };
		ACCEF0061BDDCB580051A1A5 /* Assets.xcassets in Resources */ = {isa = PBXBuildFile; fileRef = ACCEF0051BDDCB580051A1A5 /* Assets.xcassets */; };
		ACCEF0121BDDCC950051A1A5 /* ViewController.m in Sources */ = {isa = PBXBuildFile; fileRef = ACCEF0001BDDCB580051A1A5 /* ViewController.m */; };
		ACCEF0131BDDCC950051A1A5 /* AppDelegate.m in Sources */ = {isa = PBXBuildFile; fileRef = ACCEEFFD1BDDCB580051A1A5 /* AppDelegate.m */; };
		ACCEF0141BDDCC950051A1A5 /* main.m in Sources */ = {isa = PBXBuildFile; fileRef = ACCEEFFA1BDDCB580051A1A5 /* main.m */; };
		ACCEF0181BDDCC950051A1A5 /* Assets.xcassets in Resources */ = {isa = PBXBuildFile; fileRef = ACCEF0051BDDCB580051A1A5 /* Assets.xcassets */; };
		ACCEF0191BDDCC950051A1A5 /* Main.storyboard in Resources */ = {isa = PBXBuildFile; fileRef = ACCEF0021BDDCB580051A1A5 /* Main.storyboard */; };
		ACCEF0211BDDCCA70051A1A5 /* ViewController.m in Sources */ = {isa = PBXBuildFile; fileRef = ACCEF0001BDDCB580051A1A5 /* ViewController.m */; };
		ACCEF0221BDDCCA70051A1A5 /* AppDelegate.m in Sources */ = {isa = PBXBuildFile; fileRef = ACCEEFFD1BDDCB580051A1A5 /* AppDelegate.m */; };
		ACCEF0231BDDCCA70051A1A5 /* main.m in Sources */ = {isa = PBXBuildFile; fileRef = ACCEEFFA1BDDCB580051A1A5 /* main.m */; };
		ACCEF0271BDDCCA70051A1A5 /* Assets.xcassets in Resources */ = {isa = PBXBuildFile; fileRef = ACCEF0051BDDCB580051A1A5 /* Assets.xcassets */; };
		ACCEF0281BDDCCA70051A1A5 /* Main.storyboard in Resources */ = {isa = PBXBuildFile; fileRef = ACCEF0021BDDCB580051A1A5 /* Main.storyboard */; };
		ACCEF0301BDDCCB90051A1A5 /* ViewController.m in Sources */ = {isa = PBXBuildFile; fileRef = ACCEF0001BDDCB580051A1A5 /* ViewController.m */; };
		ACCEF0311BDDCCB90051A1A5 /* AppDelegate.m in Sources */ = {isa = PBXBuildFile; fileRef = ACCEEFFD1BDDCB580051A1A5 /* AppDelegate.m */; };
		ACCEF0321BDDCCB90051A1A5 /* main.m in Sources */ = {isa = PBXBuildFile; fileRef = ACCEEFFA1BDDCB580051A1A5 /* main.m */; };
		ACCEF0361BDDCCB90051A1A5 /* Assets.xcassets in Resources */ = {isa = PBXBuildFile; fileRef = ACCEF0051BDDCB580051A1A5 /* Assets.xcassets */; };
		ACCEF0371BDDCCB90051A1A5 /* Main.storyboard in Resources */ = {isa = PBXBuildFile; fileRef = ACCEF0021BDDCB580051A1A5 /* Main.storyboard */; };
		ACCEF0431BDDEDB20051A1A5 /* BestPractice-rc-Info.plist in Resources */ = {isa = PBXBuildFile; fileRef = ACCEF03C1BDDCCB90051A1A5 /* BestPractice-rc-Info.plist */; settings = {ASSET_TAGS = (); }; };
		ACCEF0441BDDEDB50051A1A5 /* BestPractice-test-Info.plist in Resources */ = {isa = PBXBuildFile; fileRef = ACCEF02D1BDDCCA70051A1A5 /* BestPractice-test-Info.plist */; settings = {ASSET_TAGS = (); }; };
		ACCEF04C1BDDF4070051A1A5 /* BestPractice-Info.plist in Resources */ = {isa = PBXBuildFile; fileRef = ACCEF00A1BDDCB580051A1A5 /* BestPractice-Info.plist */; settings = {ASSET_TAGS = (); }; };
/* End PBXBuildFile section */

/* Begin PBXFileReference section */
		ACCEEFF61BDDCB580051A1A5 /* BestPractice.app */ = {isa = PBXFileReference; explicitFileType = wrapper.application; includeInIndex = 0; path = BestPractice.app; sourceTree = BUILT_PRODUCTS_DIR; };
		ACCEEFFA1BDDCB580051A1A5 /* main.m */ = {isa = PBXFileReference; lastKnownFileType = sourcecode.c.objc; path = main.m; sourceTree = "<group>"; };
		ACCEEFFC1BDDCB580051A1A5 /* AppDelegate.h */ = {isa = PBXFileReference; lastKnownFileType = sourcecode.c.h; path = AppDelegate.h; sourceTree = "<group>"; };
		ACCEEFFD1BDDCB580051A1A5 /* AppDelegate.m */ = {isa = PBXFileReference; lastKnownFileType = sourcecode.c.objc; path = AppDelegate.m; sourceTree = "<group>"; };
		ACCEEFFF1BDDCB580051A1A5 /* ViewController.h */ = {isa = PBXFileReference; lastKnownFileType = sourcecode.c.h; path = ViewController.h; sourceTree = "<group>"; };
		ACCEF0001BDDCB580051A1A5 /* ViewController.m */ = {isa = PBXFileReference; lastKnownFileType = sourcecode.c.objc; path = ViewController.m; sourceTree = "<group>"; };
		ACCEF0031BDDCB580051A1A5 /* Base */ = {isa = PBXFileReference; lastKnownFileType = file.storyboard; name = Base; path = Base.lproj/Main.storyboard; sourceTree = "<group>"; };
		ACCEF0051BDDCB580051A1A5 /* Assets.xcassets */ = {isa = PBXFileReference; lastKnownFileType = folder.assetcatalog; path = Assets.xcassets; sourceTree = "<group>"; };
		ACCEF00A1BDDCB580051A1A5 /* BestPractice-Info.plist */ = {isa = PBXFileReference; lastKnownFileType = text.plist.xml; name = "BestPractice-Info.plist"; path = "/Users/zhuli/WorkSpace/BestPractice/BestPractice/BestPractice/BestPractice/BuildConfig/appstore/BestPractice-Info.plist"; sourceTree = "<absolute>"; };
		ACCEF01D1BDDCC950051A1A5 /* BestPractice-dev.app */ = {isa = PBXFileReference; explicitFileType = wrapper.application; includeInIndex = 0; path = "BestPractice-dev.app"; sourceTree = BUILT_PRODUCTS_DIR; };
		ACCEF01E1BDDCC950051A1A5 /* BestPractice-dev-Info.plist */ = {isa = PBXFileReference; lastKnownFileType = text.plist.xml; name = "BestPractice-dev-Info.plist"; path = "/Users/zhuli/WorkSpace/BestPractice/BestPractice/BestPractice/BestPractice/BuildConfig/dev/BestPractice-dev-Info.plist"; sourceTree = "<absolute>"; };
		ACCEF02C1BDDCCA70051A1A5 /* BestPractice-test.app */ = {isa = PBXFileReference; explicitFileType = wrapper.application; includeInIndex = 0; path = "BestPractice-test.app"; sourceTree = BUILT_PRODUCTS_DIR; };
		ACCEF02D1BDDCCA70051A1A5 /* BestPractice-test-Info.plist */ = {isa = PBXFileReference; lastKnownFileType = text.plist.xml; name = "BestPractice-test-Info.plist"; path = "/Users/zhuli/WorkSpace/BestPractice/BestPractice/BestPractice/BestPractice/BuildConfig/test/BestPractice-test-Info.plist"; sourceTree = "<absolute>"; };
		ACCEF03B1BDDCCB90051A1A5 /* BestPractice-rc.app */ = {isa = PBXFileReference; explicitFileType = wrapper.application; includeInIndex = 0; path = "BestPractice-rc.app"; sourceTree = BUILT_PRODUCTS_DIR; };
		ACCEF03C1BDDCCB90051A1A5 /* BestPractice-rc-Info.plist */ = {isa = PBXFileReference; lastKnownFileType = text.plist.xml; name = "BestPractice-rc-Info.plist"; path = "/Users/zhuli/WorkSpace/BestPractice/BestPractice/BestPractice/BestPractice/BuildConfig/rc/BestPractice-rc-Info.plist"; sourceTree = "<absolute>"; };
/* End PBXFileReference section */

/* Begin PBXFrameworksBuildPhase section */
		ACCEEFF31BDDCB580051A1A5 /* Frameworks */ = {
			isa = PBXFrameworksBuildPhase;
			buildActionMask = 2147483647;
			files = (
			);
			runOnlyForDeploymentPostprocessing = 0;
		};
		ACCEF0151BDDCC950051A1A5 /* Frameworks */ = {
			isa = PBXFrameworksBuildPhase;
			buildActionMask = 2147483647;
			files = (
			);
			runOnlyForDeploymentPostprocessing = 0;
		};
		ACCEF0241BDDCCA70051A1A5 /* Frameworks */ = {
			isa = PBXFrameworksBuildPhase;
			buildActionMask = 2147483647;
			files = (
			);
			runOnlyForDeploymentPostprocessing = 0;
		};
		ACCEF0331BDDCCB90051A1A5 /* Frameworks */ = {
			isa = PBXFrameworksBuildPhase;
			buildActionMask = 2147483647;
			files = (
			);
			runOnlyForDeploymentPostprocessing = 0;
		};
/* End PBXFrameworksBuildPhase section */

/* Begin PBXGroup section */
		ACCEEFED1BDDCB580051A1A5 = {
			isa = PBXGroup;
			children = (
				ACCEEFF81BDDCB580051A1A5 /* BestPractice */,
				ACCEEFF71BDDCB580051A1A5 /* Products */,
			);
			sourceTree = "<group>";
		};
		ACCEEFF71BDDCB580051A1A5 /* Products */ = {
			isa = PBXGroup;
			children = (
				ACCEEFF61BDDCB580051A1A5 /* BestPractice.app */,
				ACCEF01D1BDDCC950051A1A5 /* BestPractice-dev.app */,
				ACCEF02C1BDDCCA70051A1A5 /* BestPractice-test.app */,
				ACCEF03B1BDDCCB90051A1A5 /* BestPractice-rc.app */,
			);
			name = Products;
			sourceTree = "<group>";
		};
		ACCEEFF81BDDCB580051A1A5 /* BestPractice */ = {
			isa = PBXGroup;
			children = (
				ACCEEFFC1BDDCB580051A1A5 /* AppDelegate.h */,
				ACCEEFFD1BDDCB580051A1A5 /* AppDelegate.m */,
				ACCEEFFF1BDDCB580051A1A5 /* ViewController.h */,
				ACCEF0001BDDCB580051A1A5 /* ViewController.m */,
				ACCEF0021BDDCB580051A1A5 /* Main.storyboard */,
				ACCEF0051BDDCB580051A1A5 /* Assets.xcassets */,
				ACCEEFF91BDDCB580051A1A5 /* Supporting Files */,
			);
			path = BestPractice;
			sourceTree = "<group>";
		};
		ACCEEFF91BDDCB580051A1A5 /* Supporting Files */ = {
			isa = PBXGroup;
			children = (
				ACCEF03D1BDDCEFF0051A1A5 /* BuildConfig */,
				ACCEEFFA1BDDCB580051A1A5 /* main.m */,
			);
			name = "Supporting Files";
			sourceTree = "<group>";
		};
		ACCEF03D1BDDCEFF0051A1A5 /* BuildConfig */ = {
			isa = PBXGroup;
			children = (
				ACCEF03F1BDDCF5B0051A1A5 /* dev */,
				ACCEF0411BDDCF730051A1A5 /* test */,
				ACCEF0401BDDCF680051A1A5 /* rc */,
				ACCEF03E1BDDCF440051A1A5 /* appstore */,
			);
			name = BuildConfig;
			sourceTree = "<group>";
		};
		ACCEF03E1BDDCF440051A1A5 /* appstore */ = {
			isa = PBXGroup;
			children = (
				ACCEF00A1BDDCB580051A1A5 /* BestPractice-Info.plist */,
			);
			name = appstore;
			path = "BuildConfig/appstore-product";
			sourceTree = "<group>";
		};
		ACCEF03F1BDDCF5B0051A1A5 /* dev */ = {
			isa = PBXGroup;
			children = (
				ACCEF01E1BDDCC950051A1A5 /* BestPractice-dev-Info.plist */,
			);
			name = dev;
			sourceTree = "<group>";
		};
		ACCEF0401BDDCF680051A1A5 /* rc */ = {
			isa = PBXGroup;
			children = (
				ACCEF03C1BDDCCB90051A1A5 /* BestPractice-rc-Info.plist */,
			);
			name = rc;
			sourceTree = "<group>";
		};
		ACCEF0411BDDCF730051A1A5 /* test */ = {
			isa = PBXGroup;
			children = (
				ACCEF02D1BDDCCA70051A1A5 /* BestPractice-test-Info.plist */,
			);
			name = test;
			sourceTree = "<group>";
		};
/* End PBXGroup section */

/* Begin PBXNativeTarget section */
		ACCEEFF51BDDCB580051A1A5 /* BestPractice */ = {
			isa = PBXNativeTarget;
			buildConfigurationList = ACCEF00D1BDDCB580051A1A5 /* Build configuration list for PBXNativeTarget "BestPractice" */;
			buildPhases = (
				ACCEEFF21BDDCB580051A1A5 /* Sources */,
				ACCEEFF31BDDCB580051A1A5 /* Frameworks */,
				ACCEEFF41BDDCB580051A1A5 /* Resources */,
			);
			buildRules = (
			);
			dependencies = (
			);
			name = BestPractice;
			productName = BestPractice;
			productReference = ACCEEFF61BDDCB580051A1A5 /* BestPractice.app */;
			productType = "com.apple.product-type.application";
		};
		ACCEF0101BDDCC950051A1A5 /* BestPractice-dev */ = {
			isa = PBXNativeTarget;
			buildConfigurationList = ACCEF01A1BDDCC950051A1A5 /* Build configuration list for PBXNativeTarget "BestPractice-dev" */;
			buildPhases = (
				ACCEF0111BDDCC950051A1A5 /* Sources */,
				ACCEF0151BDDCC950051A1A5 /* Frameworks */,
				ACCEF0161BDDCC950051A1A5 /* Resources */,
			);
			buildRules = (
			);
			dependencies = (
			);
			name = "BestPractice-dev";
			productName = BestPractice;
			productReference = ACCEF01D1BDDCC950051A1A5 /* BestPractice-dev.app */;
			productType = "com.apple.product-type.application";
		};
		ACCEF01F1BDDCCA70051A1A5 /* BestPractice-test */ = {
			isa = PBXNativeTarget;
			buildConfigurationList = ACCEF0291BDDCCA70051A1A5 /* Build configuration list for PBXNativeTarget "BestPractice-test" */;
			buildPhases = (
				ACCEF0201BDDCCA70051A1A5 /* Sources */,
				ACCEF0241BDDCCA70051A1A5 /* Frameworks */,
				ACCEF0251BDDCCA70051A1A5 /* Resources */,
			);
			buildRules = (
			);
			dependencies = (
			);
			name = "BestPractice-test";
			productName = BestPractice;
			productReference = ACCEF02C1BDDCCA70051A1A5 /* BestPractice-test.app */;
			productType = "com.apple.product-type.application";
		};
		ACCEF02E1BDDCCB90051A1A5 /* BestPractice-rc */ = {
			isa = PBXNativeTarget;
			buildConfigurationList = ACCEF0381BDDCCB90051A1A5 /* Build configuration list for PBXNativeTarget "BestPractice-rc" */;
			buildPhases = (
				ACCEF02F1BDDCCB90051A1A5 /* Sources */,
				ACCEF0331BDDCCB90051A1A5 /* Frameworks */,
				ACCEF0341BDDCCB90051A1A5 /* Resources */,
			);
			buildRules = (
			);
			dependencies = (
			);
			name = "BestPractice-rc";
			productName = BestPractice;
			productReference = ACCEF03B1BDDCCB90051A1A5 /* BestPractice-rc.app */;
			productType = "com.apple.product-type.application";
		};
/* End PBXNativeTarget section */

/* Begin PBXProject section */
		ACCEEFEE1BDDCB580051A1A5 /* Project object */ = {
			isa = PBXProject;
			attributes = {
				LastUpgradeCheck = 0700;
				ORGANIZATIONNAME = zhuli;
				TargetAttributes = {
					ACCEEFF51BDDCB580051A1A5 = {
						CreatedOnToolsVersion = 7.0;
					};
				};
			};
			buildConfigurationList = ACCEEFF11BDDCB580051A1A5 /* Build configuration list for PBXProject "BestPractice" */;
			compatibilityVersion = "Xcode 3.2";
			developmentRegion = English;
			hasScannedForEncodings = 0;
			knownRegions = (
				en,
				Base,
			);
			mainGroup = ACCEEFED1BDDCB580051A1A5;
			productRefGroup = ACCEEFF71BDDCB580051A1A5 /* Products */;
			projectDirPath = "";
			projectRoot = "";
			targets = (
				ACCEEFF51BDDCB580051A1A5 /* BestPractice */,
				ACCEF0101BDDCC950051A1A5 /* BestPractice-dev */,
				ACCEF01F1BDDCCA70051A1A5 /* BestPractice-test */,
				ACCEF02E1BDDCCB90051A1A5 /* BestPractice-rc */,
			);
		};
/* End PBXProject section */

/* Begin PBXResourcesBuildPhase section */
		ACCEEFF41BDDCB580051A1A5 /* Resources */ = {
			isa = PBXResourcesBuildPhase;
			buildActionMask = 2147483647;
			files = (
				ACCEF0061BDDCB580051A1A5 /* Assets.xcassets in Resources */,
				ACCEF0041BDDCB580051A1A5 /* Main.storyboard in Resources */,
				ACCEF04C1BDDF4070051A1A5 /* BestPractice-Info.plist in Resources */,
			);
			runOnlyForDeploymentPostprocessing = 0;
		};
		ACCEF0161BDDCC950051A1A5 /* Resources */ = {
			isa = PBXResourcesBuildPhase;
			buildActionMask = 2147483647;
			files = (
				ACCEF0181BDDCC950051A1A5 /* Assets.xcassets in Resources */,
				ACCEF0191BDDCC950051A1A5 /* Main.storyboard in Resources */,
			);
			runOnlyForDeploymentPostprocessing = 0;
		};
		ACCEF0251BDDCCA70051A1A5 /* Resources */ = {
			isa = PBXResourcesBuildPhase;
			buildActionMask = 2147483647;
			files = (
				ACCEF0441BDDEDB50051A1A5 /* BestPractice-test-Info.plist in Resources */,
				ACCEF0271BDDCCA70051A1A5 /* Assets.xcassets in Resources */,
				ACCEF0281BDDCCA70051A1A5 /* Main.storyboard in Resources */,
			);
			runOnlyForDeploymentPostprocessing = 0;
		};
		ACCEF0341BDDCCB90051A1A5 /* Resources */ = {
			isa = PBXResourcesBuildPhase;
			buildActionMask = 2147483647;
			files = (
				ACCEF0431BDDEDB20051A1A5 /* BestPractice-rc-Info.plist in Resources */,
				ACCEF0361BDDCCB90051A1A5 /* Assets.xcassets in Resources */,
				ACCEF0371BDDCCB90051A1A5 /* Main.storyboard in Resources */,
			);
			runOnlyForDeploymentPostprocessing = 0;
		};
/* End PBXResourcesBuildPhase section */

/* Begin PBXSourcesBuildPhase section */
		ACCEEFF21BDDCB580051A1A5 /* Sources */ = {
			isa = PBXSourcesBuildPhase;
			buildActionMask = 2147483647;
			files = (
				ACCEF0011BDDCB580051A1A5 /* ViewController.m in Sources */,
				ACCEEFFE1BDDCB580051A1A5 /* AppDelegate.m in Sources */,
				ACCEEFFB1BDDCB580051A1A5 /* main.m in Sources */,
			);
			runOnlyForDeploymentPostprocessing = 0;
		};
		ACCEF0111BDDCC950051A1A5 /* Sources */ = {
			isa = PBXSourcesBuildPhase;
			buildActionMask = 2147483647;
			files = (
				ACCEF0121BDDCC950051A1A5 /* ViewController.m in Sources */,
				ACCEF0131BDDCC950051A1A5 /* AppDelegate.m in Sources */,
				ACCEF0141BDDCC950051A1A5 /* main.m in Sources */,
			);
			runOnlyForDeploymentPostprocessing = 0;
		};
		ACCEF0201BDDCCA70051A1A5 /* Sources */ = {
			isa = PBXSourcesBuildPhase;
			buildActionMask = 2147483647;
			files = (
				ACCEF0211BDDCCA70051A1A5 /* ViewController.m in Sources */,
				ACCEF0221BDDCCA70051A1A5 /* AppDelegate.m in Sources */,
				ACCEF0231BDDCCA70051A1A5 /* main.m in Sources */,
			);
			runOnlyForDeploymentPostprocessing = 0;
		};
		ACCEF02F1BDDCCB90051A1A5 /* Sources */ = {
			isa = PBXSourcesBuildPhase;
			buildActionMask = 2147483647;
			files = (
				ACCEF0301BDDCCB90051A1A5 /* ViewController.m in Sources */,
				ACCEF0311BDDCCB90051A1A5 /* AppDelegate.m in Sources */,
				ACCEF0321BDDCCB90051A1A5 /* main.m in Sources */,
			);
			runOnlyForDeploymentPostprocessing = 0;
		};
/* End PBXSourcesBuildPhase section */

/* Begin PBXVariantGroup section */
		ACCEF0021BDDCB580051A1A5 /* Main.storyboard */ = {
			isa = PBXVariantGroup;
			children = (
				ACCEF0031BDDCB580051A1A5 /* Base */,
			);
			name = Main.storyboard;
			sourceTree = "<group>";
		};
/* End PBXVariantGroup section */

/* Begin XCBuildConfiguration section */
		ACCEF00B1BDDCB580051A1A5 /* Debug */ = {
			isa = XCBuildConfiguration;
			buildSettings = {
				ALWAYS_SEARCH_USER_PATHS = NO;
				CLANG_CXX_LANGUAGE_STANDARD = "gnu++0x";
				CLANG_CXX_LIBRARY = "libc++";
				CLANG_ENABLE_MODULES = YES;
				CLANG_ENABLE_OBJC_ARC = YES;
				CLANG_WARN_BOOL_CONVERSION = YES;
				CLANG_WARN_CONSTANT_CONVERSION = YES;
				CLANG_WARN_DIRECT_OBJC_ISA_USAGE = YES_ERROR;
				CLANG_WARN_EMPTY_BODY = YES;
				CLANG_WARN_ENUM_CONVERSION = YES;
				CLANG_WARN_INT_CONVERSION = YES;
				CLANG_WARN_OBJC_ROOT_CLASS = YES_ERROR;
				CLANG_WARN_UNREACHABLE_CODE = YES;
				CLANG_WARN__DUPLICATE_METHOD_MATCH = YES;
				"CODE_SIGN_IDENTITY[sdk=iphoneos*]" = "iPhone Developer";
				COPY_PHASE_STRIP = NO;
				DEBUG_INFORMATION_FORMAT = dwarf;
				ENABLE_STRICT_OBJC_MSGSEND = YES;
				ENABLE_TESTABILITY = YES;
				GCC_C_LANGUAGE_STANDARD = gnu99;
				GCC_DYNAMIC_NO_PIC = NO;
				GCC_NO_COMMON_BLOCKS = YES;
				GCC_OPTIMIZATION_LEVEL = 0;
				GCC_PREPROCESSOR_DEFINITIONS = (
					"DEBUG=1",
					"$(inherited)",
				);
				GCC_WARN_64_TO_32_BIT_CONVERSION = YES;
				GCC_WARN_ABOUT_RETURN_TYPE = YES_ERROR;
				GCC_WARN_UNDECLARED_SELECTOR = YES;
				GCC_WARN_UNINITIALIZED_AUTOS = YES_AGGRESSIVE;
				GCC_WARN_UNUSED_FUNCTION = YES;
				GCC_WARN_UNUSED_VARIABLE = YES;
				INFOPLIST_FILE = "";
				IPHONEOS_DEPLOYMENT_TARGET = 8.0;
				MTL_ENABLE_DEBUG_INFO = YES;
				ONLY_ACTIVE_ARCH = YES;
				SDKROOT = iphoneos;
			};
			name = Debug;
		};
		ACCEF00C1BDDCB580051A1A5 /* Release */ = {
			isa = XCBuildConfiguration;
			buildSettings = {
				ALWAYS_SEARCH_USER_PATHS = NO;
				CLANG_CXX_LANGUAGE_STANDARD = "gnu++0x";
				CLANG_CXX_LIBRARY = "libc++";
				CLANG_ENABLE_MODULES = YES;
				CLANG_ENABLE_OBJC_ARC = YES;
				CLANG_WARN_BOOL_CONVERSION = YES;
				CLANG_WARN_CONSTANT_CONVERSION = YES;
				CLANG_WARN_DIRECT_OBJC_ISA_USAGE = YES_ERROR;
				CLANG_WARN_EMPTY_BODY = YES;
				CLANG_WARN_ENUM_CONVERSION = YES;
				CLANG_WARN_INT_CONVERSION = YES;
				CLANG_WARN_OBJC_ROOT_CLASS = YES_ERROR;
				CLANG_WARN_UNREACHABLE_CODE = YES;
				CLANG_WARN__DUPLICATE_METHOD_MATCH = YES;
				"CODE_SIGN_IDENTITY[sdk=iphoneos*]" = "iPhone Developer";
				COPY_PHASE_STRIP = NO;
				DEBUG_INFORMATION_FORMAT = "dwarf-with-dsym";
				ENABLE_NS_ASSERTIONS = NO;
				ENABLE_STRICT_OBJC_MSGSEND = YES;
				GCC_C_LANGUAGE_STANDARD = gnu99;
				GCC_NO_COMMON_BLOCKS = YES;
				GCC_WARN_64_TO_32_BIT_CONVERSION = YES;
				GCC_WARN_ABOUT_RETURN_TYPE = YES_ERROR;
				GCC_WARN_UNDECLARED_SELECTOR = YES;
				GCC_WARN_UNINITIALIZED_AUTOS = YES_AGGRESSIVE;
				GCC_WARN_UNUSED_FUNCTION = YES;
				GCC_WARN_UNUSED_VARIABLE = YES;
				INFOPLIST_FILE = "";
				IPHONEOS_DEPLOYMENT_TARGET = 8.0;
				MTL_ENABLE_DEBUG_INFO = NO;
				SDKROOT = iphoneos;
				VALIDATE_PRODUCT = YES;
			};
			name = Release;
		};
		ACCEF00E1BDDCB580051A1A5 /* Debug */ = {
			isa = XCBuildConfiguration;
			buildSettings = {
				ASSETCATALOG_COMPILER_APPICON_NAME = AppIcon;
				ASSETCATALOG_COMPILER_LAUNCHIMAGE_NAME = LaunchImage;
				GCC_PREPROCESSOR_DEFINITIONS = (
					"DEBUG=1",
					"$(inherited)",
					_APP_APPSTORE_,
				);
				INFOPLIST_FILE = "$(SRCROOT)/BestPractice/BuildConfig/appstore/BestPractice-Info.plist";
				IPHONEOS_DEPLOYMENT_TARGET = 6.0;
				LD_RUNPATH_SEARCH_PATHS = "$(inherited) @executable_path/Frameworks";
				PRODUCT_BUNDLE_IDENTIFIER = com.zhuli8.BestPractice;
				PRODUCT_NAME = "$(TARGET_NAME)";
			};
			name = Debug;
		};
		ACCEF00F1BDDCB580051A1A5 /* Release */ = {
			isa = XCBuildConfiguration;
			buildSettings = {
				ASSETCATALOG_COMPILER_APPICON_NAME = AppIcon;
				ASSETCATALOG_COMPILER_LAUNCHIMAGE_NAME = LaunchImage;
				GCC_PREPROCESSOR_DEFINITIONS = _APP_APPSTORE_;
				INFOPLIST_FILE = "$(SRCROOT)/BestPractice/BuildConfig/appstore/BestPractice-Info.plist";
				IPHONEOS_DEPLOYMENT_TARGET = 6.0;
				LD_RUNPATH_SEARCH_PATHS = "$(inherited) @executable_path/Frameworks";
				PRODUCT_BUNDLE_IDENTIFIER = com.zhuli8.BestPractice;
				PRODUCT_NAME = "$(TARGET_NAME)";
			};
			name = Release;
		};
		ACCEF01B1BDDCC950051A1A5 /* Debug */ = {
			isa = XCBuildConfiguration;
			buildSettings = {
				ASSETCATALOG_COMPILER_APPICON_NAME = "AppIcon-dev";
				ASSETCATALOG_COMPILER_LAUNCHIMAGE_NAME = LaunchImage;
				GCC_PREPROCESSOR_DEFINITIONS = (
					"DEBUG=1",
					"$(inherited)",
					_APP_DEV_,
				);
				INFOPLIST_FILE = "${PROJECT_NAME}/BuildConfig/dev/BestPractice-dev-Info.plist";
				IPHONEOS_DEPLOYMENT_TARGET = 6.0;
				LD_RUNPATH_SEARCH_PATHS = "$(inherited) @executable_path/Frameworks";
				PRODUCT_BUNDLE_IDENTIFIER = "com.zhuli8.BestPractice-dev";
				PRODUCT_NAME = "$(TARGET_NAME)";
			};
			name = Debug;
		};
		ACCEF01C1BDDCC950051A1A5 /* Release */ = {
			isa = XCBuildConfiguration;
			buildSettings = {
				ASSETCATALOG_COMPILER_APPICON_NAME = "AppIcon-dev";
				ASSETCATALOG_COMPILER_LAUNCHIMAGE_NAME = LaunchImage;
				GCC_PREPROCESSOR_DEFINITIONS = _APP_DEV_;
				INFOPLIST_FILE = "${PROJECT_NAME}/BuildConfig/dev/BestPractice-dev-Info.plist";
				IPHONEOS_DEPLOYMENT_TARGET = 6.0;
				LD_RUNPATH_SEARCH_PATHS = "$(inherited) @executable_path/Frameworks";
				PRODUCT_BUNDLE_IDENTIFIER = "com.zhuli8.BestPractice-dev";
				PRODUCT_NAME = "$(TARGET_NAME)";
			};
			name = Release;
		};
		ACCEF02A1BDDCCA70051A1A5 /* Debug */ = {
			isa = XCBuildConfiguration;
			buildSettings = {
				ASSETCATALOG_COMPILER_APPICON_NAME = "AppIcon-test";
				ASSETCATALOG_COMPILER_LAUNCHIMAGE_NAME = LaunchImage;
				GCC_PREPROCESSOR_DEFINITIONS = (
					"DEBUG=1",
					"$(inherited)",
					_APP_TEST_,
				);
				INFOPLIST_FILE = "${PROJECT_NAME}/BuildConfig/test/BestPractice-test-Info.plist";
				IPHONEOS_DEPLOYMENT_TARGET = 6.0;
				LD_RUNPATH_SEARCH_PATHS = "$(inherited) @executable_path/Frameworks";
				PRODUCT_BUNDLE_IDENTIFIER = "com.zhuli8.BestPractice-test";
				PRODUCT_NAME = "$(TARGET_NAME)";
			};
			name = Debug;
		};
		ACCEF02B1BDDCCA70051A1A5 /* Release */ = {
			isa = XCBuildConfiguration;
			buildSettings = {
				ASSETCATALOG_COMPILER_APPICON_NAME = "AppIcon-test";
				ASSETCATALOG_COMPILER_LAUNCHIMAGE_NAME = LaunchImage;
				GCC_PREPROCESSOR_DEFINITIONS = _APP_TEST_;
				INFOPLIST_FILE = "${PROJECT_NAME}/BuildConfig/test/BestPractice-test-Info.plist";
				IPHONEOS_DEPLOYMENT_TARGET = 6.0;
				LD_RUNPATH_SEARCH_PATHS = "$(inherited) @executable_path/Frameworks";
				PRODUCT_BUNDLE_IDENTIFIER = "com.zhuli8.BestPractice-test";
				PRODUCT_NAME = "$(TARGET_NAME)";
			};
			name = Release;
		};
		ACCEF0391BDDCCB90051A1A5 /* Debug */ = {
			isa = XCBuildConfiguration;
			buildSettings = {
				ASSETCATALOG_COMPILER_APPICON_NAME = "AppIcon-rc";
				ASSETCATALOG_COMPILER_LAUNCHIMAGE_NAME = LaunchImage;
				GCC_PREPROCESSOR_DEFINITIONS = (
					"DEBUG=1",
					"$(inherited)",
					_APP_RC_,
				);
				INFOPLIST_FILE = "${PROJECT_NAME}/BuildConfig/rc/BestPractice-rc-Info.plist";
				IPHONEOS_DEPLOYMENT_TARGET = 6.0;
				LD_RUNPATH_SEARCH_PATHS = "$(inherited) @executable_path/Frameworks";
				PRODUCT_BUNDLE_IDENTIFIER = "com.zhuli8.BestPractice-rc";
				PRODUCT_NAME = "$(TARGET_NAME)";
			};
			name = Debug;
		};
		ACCEF03A1BDDCCB90051A1A5 /* Release */ = {
			isa = XCBuildConfiguration;
			buildSettings = {
				ASSETCATALOG_COMPILER_APPICON_NAME = "AppIcon-rc";
				ASSETCATALOG_COMPILER_LAUNCHIMAGE_NAME = LaunchImage;
				GCC_PREPROCESSOR_DEFINITIONS = _APP_RC_;
				INFOPLIST_FILE = "${PROJECT_NAME}/BuildConfig/rc/BestPractice-rc-Info.plist";
				IPHONEOS_DEPLOYMENT_TARGET = 6.0;
				LD_RUNPATH_SEARCH_PATHS = "$(inherited) @executable_path/Frameworks";
				PRODUCT_BUNDLE_IDENTIFIER = "com.zhuli8.BestPractice-rc";
				PRODUCT_NAME = "$(TARGET_NAME)";
			};
			name = Release;
		};
/* End XCBuildConfiguration section */

/* Begin XCConfigurationList section */
		ACCEEFF11BDDCB580051A1A5 /* Build configuration list for PBXProject "BestPractice" */ = {
			isa = XCConfigurationList;
			buildConfigurations = (
				ACCEF00B1BDDCB580051A1A5 /* Debug */,
				ACCEF00C1BDDCB580051A1A5 /* Release */,
			);
			defaultConfigurationIsVisible = 0;
			defaultConfigurationName = Release;
		};
		ACCEF00D1BDDCB580051A1A5 /* Build configuration list for PBXNativeTarget "BestPractice" */ = {
			isa = XCConfigurationList;
			buildConfigurations = (
				ACCEF00E1BDDCB580051A1A5 /* Debug */,
				ACCEF00F1BDDCB580051A1A5 /* Release */,
			);
			defaultConfigurationIsVisible = 0;
			defaultConfigurationName = Release;
		};
		ACCEF01A1BDDCC950051A1A5 /* Build configuration list for PBXNativeTarget "BestPractice-dev" */ = {
			isa = XCConfigurationList;
			buildConfigurations = (
				ACCEF01B1BDDCC950051A1A5 /* Debug */,
				ACCEF01C1BDDCC950051A1A5 /* Release */,
			);
			defaultConfigurationIsVisible = 0;
			defaultConfigurationName = Release;
		};
		ACCEF0291BDDCCA70051A1A5 /* Build configuration list for PBXNativeTarget "BestPractice-test" */ = {
			isa = XCConfigurationList;
			buildConfigurations = (
				ACCEF02A1BDDCCA70051A1A5 /* Debug */,
				ACCEF02B1BDDCCA70051A1A5 /* Release */,
			);
			defaultConfigurationIsVisible = 0;
			defaultConfigurationName = Release;
		};
		ACCEF0381BDDCCB90051A1A5 /* Build configuration list for PBXNativeTarget "BestPractice-rc" */ = {
			isa = XCConfigurationList;
			buildConfigurations = (
				ACCEF0391BDDCCB90051A1A5 /* Debug */,
				ACCEF03A1BDDCCB90051A1A5 /* Release */,
			);
			defaultConfigurationIsVisible = 0;
			defaultConfigurationName = Release;
		};
/* End XCConfigurationList section */
	};
	rootObject = ACCEEFEE1BDDCB580051A1A5 /* Project object */;
}
